
Microsoft Visual Studio Solution File, Format Version 12.00
# Visual Studio Version 17
VisualStudioVersion = 17.1.32421.90
MinimumVisualStudioVersion = 10.0.40219.1
Project("{9A19103F-16F7-4668-BE54-9A1E7A4F7556}") = "FishingTrip.API", "FishingTrip.API\FishingTrip.API.csproj", "{C65C7201-1055-47C9-97BD-FDABC4A9A47C}"
EndProject
Project("{9A19103F-16F7-4668-BE54-9A1E7A4F7556}") = "FishingTrip.Domain", "FishingTrip.Domain\FishingTrip.Domain.csproj", "{DD12D681-4FE2-4627-8298-C510C1EB2E09}"
EndProject
Project("{9A19103F-16F7-4668-BE54-9A1E7A4F7556}") = "FishingTrip.Infrastructure", "FishingTrip.Infrastructure\FishingTrip.Infrastructure.csproj", "{2D3C1AC2-72CF-4579-AEC9-5551A344316C}"
EndProject
Project("{9A19103F-16F7-4668-BE54-9A1E7A4F7556}") = "FishingTrip.Application", "FishingTrip.Application\FishingTrip.Application.csproj", "{73D44694-F7E6-405F-8040-5C6F44911FAC}"
EndProject
Project("{9A19103F-16F7-4668-BE54-9A1E7A4F7556}") = "FishingTrip.API.gRPC", "FishingTrip.API.gRPC\FishingTrip.API.gRPC.csproj", "{4E243F42-7FCB-4410-B24E-3522E10DE26E}"
EndProject
Project("{9A19103F-16F7-4668-BE54-9A1E7A4F7556}") = "FishingTrip.Migrations", "FishingTrip.Migrations\FishingTrip.Migrations.csproj", "{E50AA23B-AAA0-4D8B-A8D0-7816806324B7}"
EndProject
Project("{2150E333-8FDC-42A3-9474-1A3956D46DE8}") = "Testing", "Testing", "{91ED1CA0-D6AB-423B-AE53-C09E0A40FA4B}"
EndProject
Project("{FAE04EC0-301F-11D3-BF4B-00C04F79EFBC}") = "FishingTrip.Infrastructure.UnitTesting", "FishingTrip.Infrastructure.UnitTesting\FishingTrip.Infrastructure.UnitTesting.csproj", "{BACB63CE-2E65-40DC-A0F1-834F550C8B17}"
EndProject
Global
	GlobalSection(SolutionConfigurationPlatforms) = preSolution
		Debug|Any CPU = Debug|Any CPU
		Release|Any CPU = Release|Any CPU
	EndGlobalSection
	GlobalSection(ProjectConfigurationPlatforms) = postSolution
		{C65C7201-1055-47C9-97BD-FDABC4A9A47C}.Debug|Any CPU.ActiveCfg = Debug|Any CPU
		{C65C7201-1055-47C9-97BD-FDABC4A9A47C}.Debug|Any CPU.Build.0 = Debug|Any CPU
		{C65C7201-1055-47C9-97BD-FDABC4A9A47C}.Release|Any CPU.ActiveCfg = Release|Any CPU
		{C65C7201-1055-47C9-97BD-FDABC4A9A47C}.Release|Any CPU.Build.0 = Release|Any CPU
		{DD12D681-4FE2-4627-8298-C510C1EB2E09}.Debug|Any CPU.ActiveCfg = Debug|Any CPU
		{DD12D681-4FE2-4627-8298-C510C1EB2E09}.Debug|Any CPU.Build.0 = Debug|Any CPU
		{DD12D681-4FE2-4627-8298-C510C1EB2E09}.Release|Any CPU.ActiveCfg = Release|Any CPU
		{DD12D681-4FE2-4627-8298-C510C1EB2E09}.Release|Any CPU.Build.0 = Release|Any CPU
		{2D3C1AC2-72CF-4579-AEC9-5551A344316C}.Debug|Any CPU.ActiveCfg = Debug|Any CPU
		{2D3C1AC2-72CF-4579-AEC9-5551A344316C}.Debug|Any CPU.Build.0 = Debug|Any CPU
		{2D3C1AC2-72CF-4579-AEC9-5551A344316C}.Release|Any CPU.ActiveCfg = Release|Any CPU
		{2D3C1AC2-72CF-4579-AEC9-5551A344316C}.Release|Any CPU.Build.0 = Release|Any CPU
		{73D44694-F7E6-405F-8040-5C6F44911FAC}.Debug|Any CPU.ActiveCfg = Debug|Any CPU
		{73D44694-F7E6-405F-8040-5C6F44911FAC}.Debug|Any CPU.Build.0 = Debug|Any CPU
		{73D44694-F7E6-405F-8040-5C6F44911FAC}.Release|Any CPU.ActiveCfg = Release|Any CPU
		{73D44694-F7E6-405F-8040-5C6F44911FAC}.Release|Any CPU.Build.0 = Release|Any CPU
		{4E243F42-7FCB-4410-B24E-3522E10DE26E}.Debug|Any CPU.ActiveCfg = Debug|Any CPU
		{4E243F42-7FCB-4410-B24E-3522E10DE26E}.Debug|Any CPU.Build.0 = Debug|Any CPU
		{4E243F42-7FCB-4410-B24E-3522E10DE26E}.Release|Any CPU.ActiveCfg = Release|Any CPU
		{4E243F42-7FCB-4410-B24E-3522E10DE26E}.Release|Any CPU.Build.0 = Release|Any CPU
		{E50AA23B-AAA0-4D8B-A8D0-7816806324B7}.Debug|Any CPU.ActiveCfg = Debug|Any CPU
		{E50AA23B-AAA0-4D8B-A8D0-7816806324B7}.Debug|Any CPU.Build.0 = Debug|Any CPU
		{E50AA23B-AAA0-4D8B-A8D0-7816806324B7}.Release|Any CPU.ActiveCfg = Release|Any CPU
		{E50AA23B-AAA0-4D8B-A8D0-7816806324B7}.Release|Any CPU.Build.0 = Release|Any CPU
		{BACB63CE-2E65-40DC-A0F1-834F550C8B17}.Debug|Any CPU.ActiveCfg = Debug|Any CPU
		{BACB63CE-2E65-40DC-A0F1-834F550C8B17}.Debug|Any CPU.Build.0 = Debug|Any CPU
		{BACB63CE-2E65-40DC-A0F1-834F550C8B17}.Release|Any CPU.ActiveCfg = Release|Any CPU
		{BACB63CE-2E65-40DC-A0F1-834F550C8B17}.Release|Any CPU.Build.0 = Release|Any CPU
	EndGlobalSection
	GlobalSection(SolutionProperties) = preSolution
		HideSolutionNode = FALSE
	EndGlobalSection
	GlobalSection(NestedProjects) = preSolution
		{BACB63CE-2E65-40DC-A0F1-834F550C8B17} = {91ED1CA0-D6AB-423B-AE53-C09E0A40FA4B}
	EndGlobalSection
	GlobalSection(ExtensibilityGlobals) = postSolution
		SolutionGuid = {C5CB1573-3B3D-440E-91DB-1AC5A63854DB}
	EndGlobalSection
EndGlobal
